
Microsoft Visual Studio Solution File, Format Version 12.00
# Visual Studio Version 17
VisualStudioVersion = 17.3.32825.248
MinimumVisualStudioVersion = 10.0.40219.1
Project("{FAE04EC0-301F-11D3-BF4B-00C04F79EFBC}") = "PYP_Task_Cache", "PYP_Task_Cache\PYP_Task_Cache.csproj", "{B31B5618-ACA2-471A-8B82-BCABE65EAE73}"
EndProject
Global
	GlobalSection(SolutionConfigurationPlatforms) = preSolution
		Debug|Any CPU = Debug|Any CPU
		Release|Any CPU = Release|Any CPU
	EndGlobalSection
	GlobalSection(ProjectConfigurationPlatforms) = postSolution
		{B31B5618-ACA2-471A-8B82-BCABE65EAE73}.Debug|Any CPU.ActiveCfg = Debug|Any CPU
		{B31B5618-ACA2-471A-8B82-BCABE65EAE73}.Debug|Any CPU.Build.0 = Debug|Any CPU
		{B31B5618-ACA2-471A-8B82-BCABE65EAE73}.Release|Any CPU.ActiveCfg = Release|Any CPU
		{B31B5618-ACA2-471A-8B82-BCABE65EAE73}.Release|Any CPU.Build.0 = Release|Any CPU
	EndGlobalSection
	GlobalSection(SolutionProperties) = preSolution
		HideSolutionNode = FALSE
	EndGlobalSection
	GlobalSection(ExtensibilityGlobals) = postSolution
		SolutionGuid = {2B010660-8B1B-4D24-A076-BD8AD0224EB9}
	EndGlobalSection
EndGlobal
